schema: '2.0'
stages:
  train:
    cmd: python train.py
    deps:
    - path: train.py
      md5: 62a361b2f2ff19a3dd7b6a7f3a656845
      size: 6721
    params:
      app/configs/pspnet_resnet.yaml:
        MODEL.encoder: resnet50
        MODEL.name: PSPNet
        TRAIN.num_epoch: 30
        TRAIN.optim: Adam
        TRAIN.seed: 666
    outs:
    - path: save/model
      md5: 94c1fe75e47154ae1361d8d7655dfbe6
      size: 97557581
    - path: save/results.txt
      md5: f4469bfce855cad7af1baa71169ba863
      size: 2281
  evaluate_val:
    cmd: python app/evaluate/eval_val.py
    deps:
    - path: app/evaluate/eval_val.py
      md5: 0f164c27b5291141385326928ff7675c
      size: 1883
    - path: save/model
      md5: 94c1fe75e47154ae1361d8d7655dfbe6
      size: 97557581
    - path: save/results.txt
      md5: f4469bfce855cad7af1baa71169ba863
      size: 2281
    outs:
    - path: save/val_metrics.json
      md5: 91562fb6b620183aed1cb367bb8aef4e
      size: 62
    - path: save/val_plot.png
      md5: 42c77a12705e1bf7b5c70d61d43de630
      size: 75290
