schema: '2.0'
stages:
  train:
    cmd: python train.py
    deps:
    - path: train.py
      md5: 69485b06b22cfc72cdbfb1906e62983e
      size: 5345
    params:
      app/configs/simple_unet.yaml:
        MODEL.name: UNet
        TRAIN.num_epoch: 1
        TRAIN.optim: Adam
        TRAIN.seed: 666
    outs:
    - path: save/UNet
      md5: 21f02eb56358d2e672fc5e2966da2613
      size: 124235413
    - path: save/results.txt
      md5: b231b2b2b364696c1d0cc785b7ed5bdf
      size: 62
  evaluate_val:
    cmd: python app/evaluate/eval_val.py
    deps:
    - path: app/evaluate/eval_val.py
      md5: 7d336c2e850ded5bbdab7825d40f8b78
      size: 1875
    - path: save/UNet
      md5: 21f02eb56358d2e672fc5e2966da2613
      size: 124235413
    - path: save/results.txt
      md5: b231b2b2b364696c1d0cc785b7ed5bdf
      size: 62
    outs:
    - path: save/val_metrics.json
      md5: 899243b55a9071ea3d5defa33ac09e54
      size: 43
    - path: save/val_plot.png
      md5: ab8655d650f86837dd29ee408712f541
      size: 32667
