schema: '2.0'
stages:
  train:
    cmd: python train.py
    deps:
    - path: train.py
      md5: ac24bbee4beef0e55709a49cb2572ab1
      size: 6836
    params:
      app/configs/unet_resnet.yaml:
        MODEL.encoder: resnet50
        MODEL.name: UNet
        TRAIN.num_epoch: 50
        TRAIN.optim: AdamW
        TRAIN.seed: 666
    outs:
    - path: save/model
      md5: 4c7b994a671832484749fd10fb258316
      size: 130415433
    - path: save/results.txt
      md5: 461a723fbd7542469a619346c8ddea64
      size: 3796
  evaluate_val:
    cmd: python app/evaluate/eval_val.py
    deps:
    - path: app/evaluate/eval_val.py
      md5: 058ce947cbf61d458b90a3a25e75c13c
      size: 1881
    - path: save/model
      md5: 4c7b994a671832484749fd10fb258316
      size: 130415433
    - path: save/results.txt
      md5: 461a723fbd7542469a619346c8ddea64
      size: 3796
    outs:
    - path: save/val_metrics.json
      md5: b1fc456a913c8cd034b9fbc5b834fe90
      size: 62
    - path: save/val_plot.png
      md5: d793d99f45d370c761adf0dd969c48fc
      size: 92718
